
Microsoft Visual Studio Solution File, Format Version 12.00
# Visual Studio Version 16
VisualStudioVersion = 16.0.32802.440
MinimumVisualStudioVersion = 10.0.40219.1
Project("{FAE04EC0-301F-11D3-BF4B-00C04F79EFBC}") = "EmployeeRegisterAPI", "EmployeeRegisterAPI\EmployeeRegisterAPI.csproj", "{288D8B4E-EC30-46AA-9826-53170B73B83A}"
EndProject
Global
	GlobalSection(SolutionConfigurationPlatforms) = preSolution
		Debug|Any CPU = Debug|Any CPU
		Release|Any CPU = Release|Any CPU
	EndGlobalSection
	GlobalSection(ProjectConfigurationPlatforms) = postSolution
		{288D8B4E-EC30-46AA-9826-53170B73B83A}.Debug|Any CPU.ActiveCfg = Debug|Any CPU
		{288D8B4E-EC30-46AA-9826-53170B73B83A}.Debug|Any CPU.Build.0 = Debug|Any CPU
		{288D8B4E-EC30-46AA-9826-53170B73B83A}.Release|Any CPU.ActiveCfg = Release|Any CPU
		{288D8B4E-EC30-46AA-9826-53170B73B83A}.Release|Any CPU.Build.0 = Release|Any CPU
	EndGlobalSection
	GlobalSection(SolutionProperties) = preSolution
		HideSolutionNode = FALSE
	EndGlobalSection
	GlobalSection(ExtensibilityGlobals) = postSolution
		SolutionGuid = {CEBA7A6D-3B9B-43AD-8AF7-52728CFD5C22}
	EndGlobalSection
EndGlobal
